# This file is automatically @generated by Cargo.
# It is not intended for manual editing.
version = 4

[[package]]
name = "generator"
version = "0.1.0"

[[package]]
name = "port_dragonbox"
version = "0.1.0"

[[package]]
name = "port_oxc_number_parsers"
version = "0.1.0"

[[package]]
name = "port_v8_double_to_string_radix"
version = "0.1.0"

[[package]]
name = "testing"
version = "0.1.0"

[[package]]
name = "tower_ast"
version = "0.1.0"

[[package]]
name = "tower_parser"
version = "0.1.0"

[[package]]
name = "tower_runtime"
version = "0.1.0"

[[package]]
name = "unicode_id"
version = "0.1.0"
